
Microsoft Visual Studio Solution File, Format Version 12.00
# Visual Studio Version 17
VisualStudioVersion = 17.11.35303.130
MinimumVisualStudioVersion = 10.0.40219.1
Project("{9A19103F-16F7-4668-BE54-9A1E7A4F7556}") = "ConsoleApp", "ConsoleApp\ConsoleApp.csproj", "{BBCEC549-0A6F-4396-98FC-F2DD5E4E3ABB}"
EndProject
Project("{9A19103F-16F7-4668-BE54-9A1E7A4F7556}") = "Repository", "Repository\Repository.csproj", "{7DA2E5F9-E92A-46EC-83AA-23C88A19A959}"
EndProject
Project("{FAE04EC0-301F-11D3-BF4B-00C04F79EFBC}") = "Models", "Models\Models.csproj", "{0A9DDD3B-0566-40FC-A88D-C80FB31D49C9}"
EndProject
Global
	GlobalSection(SolutionConfigurationPlatforms) = preSolution
		Debug|Any CPU = Debug|Any CPU
		Release|Any CPU = Release|Any CPU
	EndGlobalSection
	GlobalSection(ProjectConfigurationPlatforms) = postSolution
		{BBCEC549-0A6F-4396-98FC-F2DD5E4E3ABB}.Debug|Any CPU.ActiveCfg = Debug|Any CPU
		{BBCEC549-0A6F-4396-98FC-F2DD5E4E3ABB}.Debug|Any CPU.Build.0 = Debug|Any CPU
		{BBCEC549-0A6F-4396-98FC-F2DD5E4E3ABB}.Release|Any CPU.ActiveCfg = Release|Any CPU
		{BBCEC549-0A6F-4396-98FC-F2DD5E4E3ABB}.Release|Any CPU.Build.0 = Release|Any CPU
		{7DA2E5F9-E92A-46EC-83AA-23C88A19A959}.Debug|Any CPU.ActiveCfg = Debug|Any CPU
		{7DA2E5F9-E92A-46EC-83AA-23C88A19A959}.Debug|Any CPU.Build.0 = Debug|Any CPU
		{7DA2E5F9-E92A-46EC-83AA-23C88A19A959}.Release|Any CPU.ActiveCfg = Release|Any CPU
		{7DA2E5F9-E92A-46EC-83AA-23C88A19A959}.Release|Any CPU.Build.0 = Release|Any CPU
		{0A9DDD3B-0566-40FC-A88D-C80FB31D49C9}.Debug|Any CPU.ActiveCfg = Debug|Any CPU
		{0A9DDD3B-0566-40FC-A88D-C80FB31D49C9}.Debug|Any CPU.Build.0 = Debug|Any CPU
		{0A9DDD3B-0566-40FC-A88D-C80FB31D49C9}.Release|Any CPU.ActiveCfg = Release|Any CPU
		{0A9DDD3B-0566-40FC-A88D-C80FB31D49C9}.Release|Any CPU.Build.0 = Release|Any CPU
	EndGlobalSection
	GlobalSection(SolutionProperties) = preSolution
		HideSolutionNode = FALSE
	EndGlobalSection
	GlobalSection(ExtensibilityGlobals) = postSolution
		SolutionGuid = {910DAF55-B5D5-48DB-82EA-6D7544ADB480}
	EndGlobalSection
EndGlobal
